
Microsoft Visual Studio Solution File, Format Version 12.00
# Visual Studio 15
VisualStudioVersion = 15.0.27130.2010
MinimumVisualStudioVersion = 10.0.40219.1
Project("{FAE04EC0-301F-11D3-BF4B-00C04F79EFBC}") = "MessengerClient", "MessengerClient\MessengerClient.csproj", "{0E2B05A7-3BD6-4CF2-B454-010D2A1CF5A7}"
EndProject
Global
	GlobalSection(SolutionConfigurationPlatforms) = preSolution
		Debug|Any CPU = Debug|Any CPU
		Release|Any CPU = Release|Any CPU
	EndGlobalSection
	GlobalSection(ProjectConfigurationPlatforms) = postSolution
		{0E2B05A7-3BD6-4CF2-B454-010D2A1CF5A7}.Debug|Any CPU.ActiveCfg = Debug|Any CPU
		{0E2B05A7-3BD6-4CF2-B454-010D2A1CF5A7}.Debug|Any CPU.Build.0 = Debug|Any CPU
		{0E2B05A7-3BD6-4CF2-B454-010D2A1CF5A7}.Release|Any CPU.ActiveCfg = Release|Any CPU
		{0E2B05A7-3BD6-4CF2-B454-010D2A1CF5A7}.Release|Any CPU.Build.0 = Release|Any CPU
	EndGlobalSection
	GlobalSection(SolutionProperties) = preSolution
		HideSolutionNode = FALSE
	EndGlobalSection
	GlobalSection(ExtensibilityGlobals) = postSolution
		SolutionGuid = {64C33377-574C-4D76-BC98-07161C2EA792}
	EndGlobalSection
EndGlobal
